
Microsoft Visual Studio Solution File, Format Version 12.00
# Visual Studio Version 17
VisualStudioVersion = 17.9.34526.213
MinimumVisualStudioVersion = 10.0.40219.1
Project("{2150E333-8FDC-42A3-9474-1A3956D46DE8}") = "Source", "Source", "{145F8842-5839-481D-A13F-3FB78CB79F3B}"
EndProject
Project("{2150E333-8FDC-42A3-9474-1A3956D46DE8}") = "Backend", "Backend", "{3FBCD3BE-387F-4265-B7F0-74ACD519FC76}"
EndProject
Project("{2150E333-8FDC-42A3-9474-1A3956D46DE8}") = "Platforms", "Platforms", "{16A93A52-DE92-4CC7-A37C-37ED556BDF87}"
EndProject
Project("{2150E333-8FDC-42A3-9474-1A3956D46DE8}") = "Tests", "Tests", "{16A45BD1-D512-49C2-96F4-89D00AC8AFF5}"
EndProject
Project("{9A19103F-16F7-4668-BE54-9A1E7A4F7556}") = "UnoPlatformSample.DataContracts", "UnoPlatformSample.DataContracts\UnoPlatformSample.DataContracts.csproj", "{EFD9AAB4-AFAB-44A8-99FD-DB8697D10025}"
EndProject
Project("{9A19103F-16F7-4668-BE54-9A1E7A4F7556}") = "UnoPlatformSample", "UnoPlatformSample\UnoPlatformSample.csproj", "{172538B2-5258-40F1-BD9A-DF107607B5AD}"
EndProject
Project("{9A19103F-16F7-4668-BE54-9A1E7A4F7556}") = "UnoPlatformSample.UITests", "UnoPlatformSample.UITests\UnoPlatformSample.UITests.csproj", "{88E64130-AE46-469F-BE38-017CF633DEE8}"
EndProject
Project("{9A19103F-16F7-4668-BE54-9A1E7A4F7556}") = "UnoPlatformSample.Tests", "UnoPlatformSample.Tests\UnoPlatformSample.Tests.csproj", "{F49A1CA5-1838-45B0-9F6E-D3E504F054FC}"
EndProject
Project("{9A19103F-16F7-4668-BE54-9A1E7A4F7556}") = "UnoPlatformSample.Skia.Wpf", "UnoPlatformSample.Skia.WPF\UnoPlatformSample.Skia.Wpf.csproj", "{75A31E12-52BB-43CC-A839-1A7DBE4BD4D0}"
EndProject
Project("{9A19103F-16F7-4668-BE54-9A1E7A4F7556}") = "UnoPlatformSample.Skia.Gtk", "UnoPlatformSample.Skia.Gtk\UnoPlatformSample.Skia.Gtk.csproj", "{251A7ADD-0BE5-4607-A168-677D666E1385}"
EndProject
Project("{9A19103F-16F7-4668-BE54-9A1E7A4F7556}") = "UnoPlatformSample.Wasm", "UnoPlatformSample.Wasm\UnoPlatformSample.Wasm.csproj", "{C40E568E-6189-4F90-82AA-50AD589F17C7}"
EndProject
Project("{9A19103F-16F7-4668-BE54-9A1E7A4F7556}") = "UnoPlatformSample.Windows", "UnoPlatformSample.Windows\UnoPlatformSample.Windows.csproj", "{C26C49B3-176D-4AF6-850D-E8F8D50914E6}"
EndProject
Project("{9A19103F-16F7-4668-BE54-9A1E7A4F7556}") = "UnoPlatformSample.Mobile", "UnoPlatformSample.Mobile\UnoPlatformSample.Mobile.csproj", "{67D13110-F678-4FC1-884F-24823FEAE1BC}"
EndProject
Project("{9A19103F-16F7-4668-BE54-9A1E7A4F7556}") = "UnoPlatformSample.Shared", "UnoPlatformSample.Shared\UnoPlatformSample.Shared.csproj", "{3301B587-7CB4-4A24-8255-B74B4C09FFFD}"
EndProject
Project("{9A19103F-16F7-4668-BE54-9A1E7A4F7556}") = "UnoPlatformSample.Server", "UnoPlatformSample.Server\UnoPlatformSample.Server.csproj", "{BEF1F8BF-6950-45CE-9555-A27AD0C890CC}"
EndProject
Project("{2150E333-8FDC-42A3-9474-1A3956D46DE8}") = "Solution Items", "Solution Items", "{8565EC0F-6441-4C5A-A191-A1D2FFE775E7}"
	ProjectSection(SolutionItems) = preProject
		.gitignore = .gitignore
		Directory.Build.props = Directory.Build.props
		Directory.Build.targets = Directory.Build.targets
		Directory.Packages.props = Directory.Packages.props
		solution-config.props.sample = solution-config.props.sample
	EndProjectSection
EndProject
Global
	GlobalSection(SolutionConfigurationPlatforms) = preSolution
		Debug|Any CPU = Debug|Any CPU
		Debug|arm64 = Debug|arm64
		Debug|x64 = Debug|x64
		Debug|x86 = Debug|x86
		Release|Any CPU = Release|Any CPU
		Release|arm64 = Release|arm64
		Release|x64 = Release|x64
		Release|x86 = Release|x86
	EndGlobalSection
	GlobalSection(ProjectConfigurationPlatforms) = postSolution
		{EFD9AAB4-AFAB-44A8-99FD-DB8697D10025}.Debug|Any CPU.ActiveCfg = Debug|Any CPU
		{EFD9AAB4-AFAB-44A8-99FD-DB8697D10025}.Debug|Any CPU.Build.0 = Debug|Any CPU
		{EFD9AAB4-AFAB-44A8-99FD-DB8697D10025}.Debug|arm64.ActiveCfg = Debug|Any CPU
		{EFD9AAB4-AFAB-44A8-99FD-DB8697D10025}.Debug|arm64.Build.0 = Debug|Any CPU
		{EFD9AAB4-AFAB-44A8-99FD-DB8697D10025}.Debug|x64.ActiveCfg = Debug|Any CPU
		{EFD9AAB4-AFAB-44A8-99FD-DB8697D10025}.Debug|x64.Build.0 = Debug|Any CPU
		{EFD9AAB4-AFAB-44A8-99FD-DB8697D10025}.Debug|x86.ActiveCfg = Debug|Any CPU
		{EFD9AAB4-AFAB-44A8-99FD-DB8697D10025}.Debug|x86.Build.0 = Debug|Any CPU
		{EFD9AAB4-AFAB-44A8-99FD-DB8697D10025}.Release|Any CPU.ActiveCfg = Release|Any CPU
		{EFD9AAB4-AFAB-44A8-99FD-DB8697D10025}.Release|Any CPU.Build.0 = Release|Any CPU
		{EFD9AAB4-AFAB-44A8-99FD-DB8697D10025}.Release|arm64.ActiveCfg = Release|Any CPU
		{EFD9AAB4-AFAB-44A8-99FD-DB8697D10025}.Release|arm64.Build.0 = Release|Any CPU
		{EFD9AAB4-AFAB-44A8-99FD-DB8697D10025}.Release|x64.ActiveCfg = Release|Any CPU
		{EFD9AAB4-AFAB-44A8-99FD-DB8697D10025}.Release|x64.Build.0 = Release|Any CPU
		{EFD9AAB4-AFAB-44A8-99FD-DB8697D10025}.Release|x86.ActiveCfg = Release|Any CPU
		{EFD9AAB4-AFAB-44A8-99FD-DB8697D10025}.Release|x86.Build.0 = Release|Any CPU
		{172538B2-5258-40F1-BD9A-DF107607B5AD}.Debug|Any CPU.ActiveCfg = Debug|Any CPU
		{172538B2-5258-40F1-BD9A-DF107607B5AD}.Debug|Any CPU.Build.0 = Debug|Any CPU
		{172538B2-5258-40F1-BD9A-DF107607B5AD}.Debug|arm64.ActiveCfg = Debug|Any CPU
		{172538B2-5258-40F1-BD9A-DF107607B5AD}.Debug|arm64.Build.0 = Debug|Any CPU
		{172538B2-5258-40F1-BD9A-DF107607B5AD}.Debug|x64.ActiveCfg = Debug|Any CPU
		{172538B2-5258-40F1-BD9A-DF107607B5AD}.Debug|x64.Build.0 = Debug|Any CPU
		{172538B2-5258-40F1-BD9A-DF107607B5AD}.Debug|x86.ActiveCfg = Debug|Any CPU
		{172538B2-5258-40F1-BD9A-DF107607B5AD}.Debug|x86.Build.0 = Debug|Any CPU
		{172538B2-5258-40F1-BD9A-DF107607B5AD}.Release|Any CPU.ActiveCfg = Release|Any CPU
		{172538B2-5258-40F1-BD9A-DF107607B5AD}.Release|Any CPU.Build.0 = Release|Any CPU
		{172538B2-5258-40F1-BD9A-DF107607B5AD}.Release|arm64.ActiveCfg = Release|Any CPU
		{172538B2-5258-40F1-BD9A-DF107607B5AD}.Release|arm64.Build.0 = Release|Any CPU
		{172538B2-5258-40F1-BD9A-DF107607B5AD}.Release|x64.ActiveCfg = Release|Any CPU
		{172538B2-5258-40F1-BD9A-DF107607B5AD}.Release|x64.Build.0 = Release|Any CPU
		{172538B2-5258-40F1-BD9A-DF107607B5AD}.Release|x86.ActiveCfg = Release|Any CPU
		{172538B2-5258-40F1-BD9A-DF107607B5AD}.Release|x86.Build.0 = Release|Any CPU
		{88E64130-AE46-469F-BE38-017CF633DEE8}.Debug|Any CPU.ActiveCfg = Debug|Any CPU
		{88E64130-AE46-469F-BE38-017CF633DEE8}.Debug|Any CPU.Build.0 = Debug|Any CPU
		{88E64130-AE46-469F-BE38-017CF633DEE8}.Debug|arm64.ActiveCfg = Debug|Any CPU
		{88E64130-AE46-469F-BE38-017CF633DEE8}.Debug|arm64.Build.0 = Debug|Any CPU
		{88E64130-AE46-469F-BE38-017CF633DEE8}.Debug|x64.ActiveCfg = Debug|Any CPU
		{88E64130-AE46-469F-BE38-017CF633DEE8}.Debug|x64.Build.0 = Debug|Any CPU
		{88E64130-AE46-469F-BE38-017CF633DEE8}.Debug|x86.ActiveCfg = Debug|Any CPU
		{88E64130-AE46-469F-BE38-017CF633DEE8}.Debug|x86.Build.0 = Debug|Any CPU
		{88E64130-AE46-469F-BE38-017CF633DEE8}.Release|Any CPU.ActiveCfg = Release|Any CPU
		{88E64130-AE46-469F-BE38-017CF633DEE8}.Release|Any CPU.Build.0 = Release|Any CPU
		{88E64130-AE46-469F-BE38-017CF633DEE8}.Release|arm64.ActiveCfg = Release|Any CPU
		{88E64130-AE46-469F-BE38-017CF633DEE8}.Release|arm64.Build.0 = Release|Any CPU
		{88E64130-AE46-469F-BE38-017CF633DEE8}.Release|x64.ActiveCfg = Release|Any CPU
		{88E64130-AE46-469F-BE38-017CF633DEE8}.Release|x64.Build.0 = Release|Any CPU
		{88E64130-AE46-469F-BE38-017CF633DEE8}.Release|x86.ActiveCfg = Release|Any CPU
		{88E64130-AE46-469F-BE38-017CF633DEE8}.Release|x86.Build.0 = Release|Any CPU
		{F49A1CA5-1838-45B0-9F6E-D3E504F054FC}.Debug|Any CPU.ActiveCfg = Debug|Any CPU
		{F49A1CA5-1838-45B0-9F6E-D3E504F054FC}.Debug|Any CPU.Build.0 = Debug|Any CPU
		{F49A1CA5-1838-45B0-9F6E-D3E504F054FC}.Debug|arm64.ActiveCfg = Debug|Any CPU
		{F49A1CA5-1838-45B0-9F6E-D3E504F054FC}.Debug|arm64.Build.0 = Debug|Any CPU
		{F49A1CA5-1838-45B0-9F6E-D3E504F054FC}.Debug|x64.ActiveCfg = Debug|Any CPU
		{F49A1CA5-1838-45B0-9F6E-D3E504F054FC}.Debug|x64.Build.0 = Debug|Any CPU
		{F49A1CA5-1838-45B0-9F6E-D3E504F054FC}.Debug|x86.ActiveCfg = Debug|Any CPU
		{F49A1CA5-1838-45B0-9F6E-D3E504F054FC}.Debug|x86.Build.0 = Debug|Any CPU
		{F49A1CA5-1838-45B0-9F6E-D3E504F054FC}.Release|Any CPU.ActiveCfg = Release|Any CPU
		{F49A1CA5-1838-45B0-9F6E-D3E504F054FC}.Release|Any CPU.Build.0 = Release|Any CPU
		{F49A1CA5-1838-45B0-9F6E-D3E504F054FC}.Release|arm64.ActiveCfg = Release|Any CPU
		{F49A1CA5-1838-45B0-9F6E-D3E504F054FC}.Release|arm64.Build.0 = Release|Any CPU
		{F49A1CA5-1838-45B0-9F6E-D3E504F054FC}.Release|x64.ActiveCfg = Release|Any CPU
		{F49A1CA5-1838-45B0-9F6E-D3E504F054FC}.Release|x64.Build.0 = Release|Any CPU
		{F49A1CA5-1838-45B0-9F6E-D3E504F054FC}.Release|x86.ActiveCfg = Release|Any CPU
		{F49A1CA5-1838-45B0-9F6E-D3E504F054FC}.Release|x86.Build.0 = Release|Any CPU
		{75A31E12-52BB-43CC-A839-1A7DBE4BD4D0}.Debug|Any CPU.ActiveCfg = Debug|Any CPU
		{75A31E12-52BB-43CC-A839-1A7DBE4BD4D0}.Debug|Any CPU.Build.0 = Debug|Any CPU
		{75A31E12-52BB-43CC-A839-1A7DBE4BD4D0}.Debug|arm64.ActiveCfg = Debug|Any CPU
		{75A31E12-52BB-43CC-A839-1A7DBE4BD4D0}.Debug|arm64.Build.0 = Debug|Any CPU
		{75A31E12-52BB-43CC-A839-1A7DBE4BD4D0}.Debug|x64.ActiveCfg = Debug|Any CPU
		{75A31E12-52BB-43CC-A839-1A7DBE4BD4D0}.Debug|x64.Build.0 = Debug|Any CPU
		{75A31E12-52BB-43CC-A839-1A7DBE4BD4D0}.Debug|x86.ActiveCfg = Debug|Any CPU
		{75A31E12-52BB-43CC-A839-1A7DBE4BD4D0}.Debug|x86.Build.0 = Debug|Any CPU
		{75A31E12-52BB-43CC-A839-1A7DBE4BD4D0}.Release|Any CPU.ActiveCfg = Release|Any CPU
		{75A31E12-52BB-43CC-A839-1A7DBE4BD4D0}.Release|Any CPU.Build.0 = Release|Any CPU
		{75A31E12-52BB-43CC-A839-1A7DBE4BD4D0}.Release|arm64.ActiveCfg = Release|Any CPU
		{75A31E12-52BB-43CC-A839-1A7DBE4BD4D0}.Release|arm64.Build.0 = Release|Any CPU
		{75A31E12-52BB-43CC-A839-1A7DBE4BD4D0}.Release|x64.ActiveCfg = Release|Any CPU
		{75A31E12-52BB-43CC-A839-1A7DBE4BD4D0}.Release|x64.Build.0 = Release|Any CPU
		{75A31E12-52BB-43CC-A839-1A7DBE4BD4D0}.Release|x86.ActiveCfg = Release|Any CPU
		{75A31E12-52BB-43CC-A839-1A7DBE4BD4D0}.Release|x86.Build.0 = Release|Any CPU
		{251A7ADD-0BE5-4607-A168-677D666E1385}.Debug|Any CPU.ActiveCfg = Debug|Any CPU
		{251A7ADD-0BE5-4607-A168-677D666E1385}.Debug|Any CPU.Build.0 = Debug|Any CPU
		{251A7ADD-0BE5-4607-A168-677D666E1385}.Debug|arm64.ActiveCfg = Debug|Any CPU
		{251A7ADD-0BE5-4607-A168-677D666E1385}.Debug|arm64.Build.0 = Debug|Any CPU
		{251A7ADD-0BE5-4607-A168-677D666E1385}.Debug|x64.ActiveCfg = Debug|Any CPU
		{251A7ADD-0BE5-4607-A168-677D666E1385}.Debug|x64.Build.0 = Debug|Any CPU
		{251A7ADD-0BE5-4607-A168-677D666E1385}.Debug|x86.ActiveCfg = Debug|Any CPU
		{251A7ADD-0BE5-4607-A168-677D666E1385}.Debug|x86.Build.0 = Debug|Any CPU
		{251A7ADD-0BE5-4607-A168-677D666E1385}.Release|Any CPU.ActiveCfg = Release|Any CPU
		{251A7ADD-0BE5-4607-A168-677D666E1385}.Release|Any CPU.Build.0 = Release|Any CPU
		{251A7ADD-0BE5-4607-A168-677D666E1385}.Release|arm64.ActiveCfg = Release|Any CPU
		{251A7ADD-0BE5-4607-A168-677D666E1385}.Release|arm64.Build.0 = Release|Any CPU
		{251A7ADD-0BE5-4607-A168-677D666E1385}.Release|x64.ActiveCfg = Release|Any CPU
		{251A7ADD-0BE5-4607-A168-677D666E1385}.Release|x64.Build.0 = Release|Any CPU
		{251A7ADD-0BE5-4607-A168-677D666E1385}.Release|x86.ActiveCfg = Release|Any CPU
		{251A7ADD-0BE5-4607-A168-677D666E1385}.Release|x86.Build.0 = Release|Any CPU
		{C40E568E-6189-4F90-82AA-50AD589F17C7}.Debug|Any CPU.ActiveCfg = Debug|Any CPU
		{C40E568E-6189-4F90-82AA-50AD589F17C7}.Debug|Any CPU.Build.0 = Debug|Any CPU
		{C40E568E-6189-4F90-82AA-50AD589F17C7}.Debug|arm64.ActiveCfg = Debug|Any CPU
		{C40E568E-6189-4F90-82AA-50AD589F17C7}.Debug|arm64.Build.0 = Debug|Any CPU
		{C40E568E-6189-4F90-82AA-50AD589F17C7}.Debug|x64.ActiveCfg = Debug|Any CPU
		{C40E568E-6189-4F90-82AA-50AD589F17C7}.Debug|x64.Build.0 = Debug|Any CPU
		{C40E568E-6189-4F90-82AA-50AD589F17C7}.Debug|x86.ActiveCfg = Debug|Any CPU
		{C40E568E-6189-4F90-82AA-50AD589F17C7}.Debug|x86.Build.0 = Debug|Any CPU
		{C40E568E-6189-4F90-82AA-50AD589F17C7}.Release|Any CPU.ActiveCfg = Release|Any CPU
		{C40E568E-6189-4F90-82AA-50AD589F17C7}.Release|Any CPU.Build.0 = Release|Any CPU
		{C40E568E-6189-4F90-82AA-50AD589F17C7}.Release|arm64.ActiveCfg = Release|Any CPU
		{C40E568E-6189-4F90-82AA-50AD589F17C7}.Release|arm64.Build.0 = Release|Any CPU
		{C40E568E-6189-4F90-82AA-50AD589F17C7}.Release|x64.ActiveCfg = Release|Any CPU
		{C40E568E-6189-4F90-82AA-50AD589F17C7}.Release|x64.Build.0 = Release|Any CPU
		{C40E568E-6189-4F90-82AA-50AD589F17C7}.Release|x86.ActiveCfg = Release|Any CPU
		{C40E568E-6189-4F90-82AA-50AD589F17C7}.Release|x86.Build.0 = Release|Any CPU
		{C26C49B3-176D-4AF6-850D-E8F8D50914E6}.Debug|Any CPU.ActiveCfg = Debug|x64
		{C26C49B3-176D-4AF6-850D-E8F8D50914E6}.Debug|Any CPU.Build.0 = Debug|x64
		{C26C49B3-176D-4AF6-850D-E8F8D50914E6}.Debug|Any CPU.Deploy.0 = Debug|x64
		{C26C49B3-176D-4AF6-850D-E8F8D50914E6}.Debug|arm64.ActiveCfg = Debug|arm64
		{C26C49B3-176D-4AF6-850D-E8F8D50914E6}.Debug|arm64.Build.0 = Debug|arm64
		{C26C49B3-176D-4AF6-850D-E8F8D50914E6}.Debug|arm64.Deploy.0 = Debug|arm64
		{C26C49B3-176D-4AF6-850D-E8F8D50914E6}.Debug|x64.ActiveCfg = Debug|x64
		{C26C49B3-176D-4AF6-850D-E8F8D50914E6}.Debug|x64.Build.0 = Debug|x64
		{C26C49B3-176D-4AF6-850D-E8F8D50914E6}.Debug|x64.Deploy.0 = Debug|x64
		{C26C49B3-176D-4AF6-850D-E8F8D50914E6}.Debug|x86.ActiveCfg = Debug|x86
		{C26C49B3-176D-4AF6-850D-E8F8D50914E6}.Debug|x86.Build.0 = Debug|x86
		{C26C49B3-176D-4AF6-850D-E8F8D50914E6}.Debug|x86.Deploy.0 = Debug|x86
		{C26C49B3-176D-4AF6-850D-E8F8D50914E6}.Release|Any CPU.ActiveCfg = Release|x64
		{C26C49B3-176D-4AF6-850D-E8F8D50914E6}.Release|Any CPU.Build.0 = Release|x64
		{C26C49B3-176D-4AF6-850D-E8F8D50914E6}.Release|Any CPU.Deploy.0 = Release|x64
		{C26C49B3-176D-4AF6-850D-E8F8D50914E6}.Release|arm64.ActiveCfg = Release|arm64
		{C26C49B3-176D-4AF6-850D-E8F8D50914E6}.Release|arm64.Build.0 = Release|arm64
		{C26C49B3-176D-4AF6-850D-E8F8D50914E6}.Release|arm64.Deploy.0 = Release|arm64
		{C26C49B3-176D-4AF6-850D-E8F8D50914E6}.Release|x64.ActiveCfg = Release|x64
		{C26C49B3-176D-4AF6-850D-E8F8D50914E6}.Release|x64.Build.0 = Release|x64
		{C26C49B3-176D-4AF6-850D-E8F8D50914E6}.Release|x64.Deploy.0 = Release|x64
		{C26C49B3-176D-4AF6-850D-E8F8D50914E6}.Release|x86.ActiveCfg = Release|x86
		{C26C49B3-176D-4AF6-850D-E8F8D50914E6}.Release|x86.Build.0 = Release|x86
		{C26C49B3-176D-4AF6-850D-E8F8D50914E6}.Release|x86.Deploy.0 = Release|x86
		{67D13110-F678-4FC1-884F-24823FEAE1BC}.Debug|Any CPU.ActiveCfg = Debug|Any CPU
		{67D13110-F678-4FC1-884F-24823FEAE1BC}.Debug|Any CPU.Build.0 = Debug|Any CPU
		{67D13110-F678-4FC1-884F-24823FEAE1BC}.Debug|Any CPU.Deploy.0 = Debug|Any CPU
		{67D13110-F678-4FC1-884F-24823FEAE1BC}.Debug|arm64.ActiveCfg = Debug|Any CPU
		{67D13110-F678-4FC1-884F-24823FEAE1BC}.Debug|arm64.Build.0 = Debug|Any CPU
		{67D13110-F678-4FC1-884F-24823FEAE1BC}.Debug|x64.ActiveCfg = Debug|Any CPU
		{67D13110-F678-4FC1-884F-24823FEAE1BC}.Debug|x64.Build.0 = Debug|Any CPU
		{67D13110-F678-4FC1-884F-24823FEAE1BC}.Debug|x86.ActiveCfg = Debug|Any CPU
		{67D13110-F678-4FC1-884F-24823FEAE1BC}.Debug|x86.Build.0 = Debug|Any CPU
		{67D13110-F678-4FC1-884F-24823FEAE1BC}.Release|Any CPU.ActiveCfg = Release|Any CPU
		{67D13110-F678-4FC1-884F-24823FEAE1BC}.Release|Any CPU.Build.0 = Release|Any CPU
		{67D13110-F678-4FC1-884F-24823FEAE1BC}.Release|Any CPU.Deploy.0 = Release|Any CPU
		{67D13110-F678-4FC1-884F-24823FEAE1BC}.Release|arm64.ActiveCfg = Release|Any CPU
		{67D13110-F678-4FC1-884F-24823FEAE1BC}.Release|arm64.Build.0 = Release|Any CPU
		{67D13110-F678-4FC1-884F-24823FEAE1BC}.Release|x64.ActiveCfg = Release|Any CPU
		{67D13110-F678-4FC1-884F-24823FEAE1BC}.Release|x64.Build.0 = Release|Any CPU
		{67D13110-F678-4FC1-884F-24823FEAE1BC}.Release|x86.ActiveCfg = Release|Any CPU
		{67D13110-F678-4FC1-884F-24823FEAE1BC}.Release|x86.Build.0 = Release|Any CPU
		{3301B587-7CB4-4A24-8255-B74B4C09FFFD}.Debug|Any CPU.ActiveCfg = Debug|Any CPU
		{3301B587-7CB4-4A24-8255-B74B4C09FFFD}.Debug|Any CPU.Build.0 = Debug|Any CPU
		{3301B587-7CB4-4A24-8255-B74B4C09FFFD}.Debug|arm64.ActiveCfg = Debug|Any CPU
		{3301B587-7CB4-4A24-8255-B74B4C09FFFD}.Debug|arm64.Build.0 = Debug|Any CPU
		{3301B587-7CB4-4A24-8255-B74B4C09FFFD}.Debug|x64.ActiveCfg = Debug|Any CPU
		{3301B587-7CB4-4A24-8255-B74B4C09FFFD}.Debug|x64.Build.0 = Debug|Any CPU
		{3301B587-7CB4-4A24-8255-B74B4C09FFFD}.Debug|x86.ActiveCfg = Debug|Any CPU
		{3301B587-7CB4-4A24-8255-B74B4C09FFFD}.Debug|x86.Build.0 = Debug|Any CPU
		{3301B587-7CB4-4A24-8255-B74B4C09FFFD}.Release|Any CPU.ActiveCfg = Release|Any CPU
		{3301B587-7CB4-4A24-8255-B74B4C09FFFD}.Release|Any CPU.Build.0 = Release|Any CPU
		{3301B587-7CB4-4A24-8255-B74B4C09FFFD}.Release|arm64.ActiveCfg = Release|Any CPU
		{3301B587-7CB4-4A24-8255-B74B4C09FFFD}.Release|arm64.Build.0 = Release|Any CPU
		{3301B587-7CB4-4A24-8255-B74B4C09FFFD}.Release|x64.ActiveCfg = Release|Any CPU
		{3301B587-7CB4-4A24-8255-B74B4C09FFFD}.Release|x64.Build.0 = Release|Any CPU
		{3301B587-7CB4-4A24-8255-B74B4C09FFFD}.Release|x86.ActiveCfg = Release|Any CPU
		{3301B587-7CB4-4A24-8255-B74B4C09FFFD}.Release|x86.Build.0 = Release|Any CPU
		{BEF1F8BF-6950-45CE-9555-A27AD0C890CC}.Debug|Any CPU.ActiveCfg = Debug|Any CPU
		{BEF1F8BF-6950-45CE-9555-A27AD0C890CC}.Debug|Any CPU.Build.0 = Debug|Any CPU
		{BEF1F8BF-6950-45CE-9555-A27AD0C890CC}.Debug|arm64.ActiveCfg = Debug|Any CPU
		{BEF1F8BF-6950-45CE-9555-A27AD0C890CC}.Debug|arm64.Build.0 = Debug|Any CPU
		{BEF1F8BF-6950-45CE-9555-A27AD0C890CC}.Debug|x64.ActiveCfg = Debug|Any CPU
		{BEF1F8BF-6950-45CE-9555-A27AD0C890CC}.Debug|x64.Build.0 = Debug|Any CPU
		{BEF1F8BF-6950-45CE-9555-A27AD0C890CC}.Debug|x86.ActiveCfg = Debug|Any CPU
		{BEF1F8BF-6950-45CE-9555-A27AD0C890CC}.Debug|x86.Build.0 = Debug|Any CPU
		{BEF1F8BF-6950-45CE-9555-A27AD0C890CC}.Release|Any CPU.ActiveCfg = Release|Any CPU
		{BEF1F8BF-6950-45CE-9555-A27AD0C890CC}.Release|Any CPU.Build.0 = Release|Any CPU
		{BEF1F8BF-6950-45CE-9555-A27AD0C890CC}.Release|arm64.ActiveCfg = Release|Any CPU
		{BEF1F8BF-6950-45CE-9555-A27AD0C890CC}.Release|arm64.Build.0 = Release|Any CPU
		{BEF1F8BF-6950-45CE-9555-A27AD0C890CC}.Release|x64.ActiveCfg = Release|Any CPU
		{BEF1F8BF-6950-45CE-9555-A27AD0C890CC}.Release|x64.Build.0 = Release|Any CPU
		{BEF1F8BF-6950-45CE-9555-A27AD0C890CC}.Release|x86.ActiveCfg = Release|Any CPU
		{BEF1F8BF-6950-45CE-9555-A27AD0C890CC}.Release|x86.Build.0 = Release|Any CPU
	EndGlobalSection
	GlobalSection(SolutionProperties) = preSolution
		HideSolutionNode = FALSE
	EndGlobalSection
	GlobalSection(NestedProjects) = preSolution
		{3FBCD3BE-387F-4265-B7F0-74ACD519FC76} = {145F8842-5839-481D-A13F-3FB78CB79F3B}
		{16A93A52-DE92-4CC7-A37C-37ED556BDF87} = {145F8842-5839-481D-A13F-3FB78CB79F3B}
		{EFD9AAB4-AFAB-44A8-99FD-DB8697D10025} = {145F8842-5839-481D-A13F-3FB78CB79F3B}
		{172538B2-5258-40F1-BD9A-DF107607B5AD} = {145F8842-5839-481D-A13F-3FB78CB79F3B}
		{88E64130-AE46-469F-BE38-017CF633DEE8} = {16A45BD1-D512-49C2-96F4-89D00AC8AFF5}
		{F49A1CA5-1838-45B0-9F6E-D3E504F054FC} = {16A45BD1-D512-49C2-96F4-89D00AC8AFF5}
		{75A31E12-52BB-43CC-A839-1A7DBE4BD4D0} = {16A93A52-DE92-4CC7-A37C-37ED556BDF87}
		{251A7ADD-0BE5-4607-A168-677D666E1385} = {16A93A52-DE92-4CC7-A37C-37ED556BDF87}
		{C40E568E-6189-4F90-82AA-50AD589F17C7} = {16A93A52-DE92-4CC7-A37C-37ED556BDF87}
		{C26C49B3-176D-4AF6-850D-E8F8D50914E6} = {16A93A52-DE92-4CC7-A37C-37ED556BDF87}
		{67D13110-F678-4FC1-884F-24823FEAE1BC} = {16A93A52-DE92-4CC7-A37C-37ED556BDF87}
		{3301B587-7CB4-4A24-8255-B74B4C09FFFD} = {16A93A52-DE92-4CC7-A37C-37ED556BDF87}
		{BEF1F8BF-6950-45CE-9555-A27AD0C890CC} = {3FBCD3BE-387F-4265-B7F0-74ACD519FC76}
	EndGlobalSection
	GlobalSection(ExtensibilityGlobals) = postSolution
		SolutionGuid = {61F4F3A2-978C-4971-AA2E-127992ACA55D}
	EndGlobalSection
EndGlobal
