
Microsoft Visual Studio Solution File, Format Version 12.00
# Visual Studio Version 17
VisualStudioVersion = 17.9.34526.213
MinimumVisualStudioVersion = 10.0.40219.1
Project("{9A19103F-16F7-4668-BE54-9A1E7A4F7556}") = "TemplateStudioWPF", "TemplateStudioWPF\TemplateStudioWPF.csproj", "{3347C735-0A5A-4880-8252-F3A622942085}"
EndProject
Project("{9A19103F-16F7-4668-BE54-9A1E7A4F7556}") = "TemplateStudioWPF.Core", "TemplateStudioWPF.Core\TemplateStudioWPF.Core.csproj", "{DD1F6825-B23B-4E6C-8456-2B196636FE7C}"
EndProject
Global
	GlobalSection(SolutionConfigurationPlatforms) = preSolution
		Debug|Any CPU = Debug|Any CPU
		Release|Any CPU = Release|Any CPU
	EndGlobalSection
	GlobalSection(ProjectConfigurationPlatforms) = postSolution
		{3347C735-0A5A-4880-8252-F3A622942085}.Debug|Any CPU.ActiveCfg = Debug|Any CPU
		{3347C735-0A5A-4880-8252-F3A622942085}.Debug|Any CPU.Build.0 = Debug|Any CPU
		{3347C735-0A5A-4880-8252-F3A622942085}.Release|Any CPU.ActiveCfg = Release|Any CPU
		{3347C735-0A5A-4880-8252-F3A622942085}.Release|Any CPU.Build.0 = Release|Any CPU
		{DD1F6825-B23B-4E6C-8456-2B196636FE7C}.Debug|Any CPU.ActiveCfg = Debug|Any CPU
		{DD1F6825-B23B-4E6C-8456-2B196636FE7C}.Debug|Any CPU.Build.0 = Debug|Any CPU
		{DD1F6825-B23B-4E6C-8456-2B196636FE7C}.Release|Any CPU.ActiveCfg = Release|Any CPU
		{DD1F6825-B23B-4E6C-8456-2B196636FE7C}.Release|Any CPU.Build.0 = Release|Any CPU
	EndGlobalSection
	GlobalSection(SolutionProperties) = preSolution
		HideSolutionNode = FALSE
	EndGlobalSection
	GlobalSection(ExtensibilityGlobals) = postSolution
		SolutionGuid = {B379C2FC-87FB-48BD-AF66-E44AA528A89C}
	EndGlobalSection
EndGlobal
